
Microsoft Visual Studio Solution File, Format Version 12.00
# Visual Studio Version 17
VisualStudioVersion = 17.11.35219.272
MinimumVisualStudioVersion = 10.0.40219.1
Project("{FAE04EC0-301F-11D3-BF4B-00C04F79EFBC}") = "Cognita API", "Cognita API\Cognita API.csproj", "{A85AAB5C-929A-4F5C-9B9A-BC8E4B943ED5}"
EndProject
Global
	GlobalSection(SolutionConfigurationPlatforms) = preSolution
		Debug|Any CPU = Debug|Any CPU
		Release|Any CPU = Release|Any CPU
	EndGlobalSection
	GlobalSection(ProjectConfigurationPlatforms) = postSolution
		{A85AAB5C-929A-4F5C-9B9A-BC8E4B943ED5}.Debug|Any CPU.ActiveCfg = Debug|Any CPU
		{A85AAB5C-929A-4F5C-9B9A-BC8E4B943ED5}.Debug|Any CPU.Build.0 = Debug|Any CPU
		{A85AAB5C-929A-4F5C-9B9A-BC8E4B943ED5}.Release|Any CPU.ActiveCfg = Release|Any CPU
		{A85AAB5C-929A-4F5C-9B9A-BC8E4B943ED5}.Release|Any CPU.Build.0 = Release|Any CPU
	EndGlobalSection
	GlobalSection(SolutionProperties) = preSolution
		HideSolutionNode = FALSE
	EndGlobalSection
	GlobalSection(ExtensibilityGlobals) = postSolution
		SolutionGuid = {B6A14EF5-21CE-4B14-BA50-992966EB9B22}
	EndGlobalSection
EndGlobal
